{
  "projects": [
    {
      "projectId": "mz4dsyGLPzghMRkxgaXEd2",
      "version": "latest",
      "dependencies": {},
      "lang": "ts",
      "fileLocks": [
        {
          "type": "globalVariant",
          "assetId": "PRIlKmKNm_vw",
          "checksum": "ce7a7233810bdf774aec6929a5166e45"
        },
        {
          "type": "renderModule",
          "assetId": "uH30TneTQ86",
          "checksum": "72ee35165c5dee333fa045f75ad62a41"
        },
        {
          "type": "cssRules",
          "assetId": "uH30TneTQ86",
          "checksum": "72ee35165c5dee333fa045f75ad62a41"
        },
        {
          "type": "renderModule",
          "assetId": "0jrm-TLCXKo",
          "checksum": "7c116f4151e7b1bb21d8615fa950d24b"
        },
        {
          "type": "cssRules",
          "assetId": "0jrm-TLCXKo",
          "checksum": "7c116f4151e7b1bb21d8615fa950d24b"
        },
        {
          "type": "icon",
          "assetId": "8ACh-ebouK8",
          "checksum": "a45e081c2c4a9f3ac9601cd435424431"
        },
        {
          "type": "icon",
          "assetId": "49L1ckADDfe",
          "checksum": "c51172ac259904d0f7e212c0000647de"
        },
        {
          "type": "renderModule",
          "assetId": "LnxsDw2kQk",
          "checksum": "02b567454e8236ff578dcc3f4f2c0e82"
        },
        {
          "type": "cssRules",
          "assetId": "LnxsDw2kQk",
          "checksum": "02b567454e8236ff578dcc3f4f2c0e82"
        },
        {
          "type": "renderModule",
          "assetId": "MFdmDxL0Dd",
          "checksum": "c2fb7194b27d52fd0f63ef32fa5a8969"
        },
        {
          "type": "cssRules",
          "assetId": "MFdmDxL0Dd",
          "checksum": "c2fb7194b27d52fd0f63ef32fa5a8969"
        },
        {
          "type": "icon",
          "assetId": "uVrWMVIBGnw",
          "checksum": "2a7a74fa5c9a213072db2ad173a55f18"
        },
        {
          "type": "icon",
          "assetId": "HxxHlvjcbq4",
          "checksum": "23f4d840a2e6990ae749b20b6e2e1f5b"
        },
        {
          "type": "icon",
          "assetId": "CHUmOn5n15d",
          "checksum": "cf30fb35c876438aac50ada7e37395b1"
        },
        {
          "type": "image",
          "assetId": "0zkX8TI3pHc",
          "checksum": "b31716dd6b9be5e0f017d0866a161c40"
        },
        {
          "type": "image",
          "assetId": "Pt4Ud0-MLQD",
          "checksum": "f831d2058d45c1e266d07b3bd67c955d"
        },
        {
          "type": "image",
          "assetId": "3leCe0StVSO",
          "checksum": "0825af0257e77ab9d750b228684ed686"
        },
        {
          "type": "image",
          "assetId": "1kowi5KIIKZ",
          "checksum": "7c521ccdccbf71a8fe0fcbc131b44d3b"
        },
        {
          "type": "image",
          "assetId": "0usFR9LvvQm",
          "checksum": "9bf2c09682b55c3b934f74883f5407cf"
        },
        {
          "type": "image",
          "assetId": "3A2eLZRTgYl",
          "checksum": "c25214e9a6771bade84e7bbe9a5ec7ef"
        },
        {
          "type": "image",
          "assetId": "fXiU1BYdNH_",
          "checksum": "ea71d74b8d6e3100fc27b83598ae1331"
        },
        {
          "type": "image",
          "assetId": "EIefuuW7OEL",
          "checksum": "aa520aa0ec670910b119d4d82a56de6e"
        },
        {
          "type": "image",
          "assetId": "UI2TAo0WCKa",
          "checksum": "68d33b6a35df742b7006da32c21deee4"
        },
        {
          "type": "image",
          "assetId": "BUZfsvAdiYs",
          "checksum": "4bcd6d82da464fbcfd51e95faa4ac59c"
        },
        {
          "assetId": "mz4dsyGLPzghMRkxgaXEd2",
          "type": "projectCss",
          "checksum": "a97246f10eb19ccabe3429155d849716"
        }
      ],
      "codegenVersion": "0.0.1"
    }
  ],
  "cliVersion": "0.1.192"
}
